
Microsoft Visual Studio Solution File, Format Version 12.00
# Visual Studio Version 17
VisualStudioVersion = 17.2.32210.308
MinimumVisualStudioVersion = 15.0.26124.0
Project("{9A19103F-16F7-4668-BE54-9A1E7A4F7556}") = "Lumen", "Lumen\Lumen.csproj", "{5E2C7C64-239F-446D-B1C4-EA33B0F11FA2}"
EndProject
Project("{2150E333-8FDC-42A3-9474-1A3956D46DE8}") = "Solution Items", "Solution Items", "{BADA71DC-7FFD-4EDC-9F28-FB74AEADC713}"
	ProjectSection(SolutionItems) = preProject
		.editorconfig = .editorconfig
		.gitignore = .gitignore
		.vsconfig = .vsconfig
		Directory.Build.props = Directory.Build.props
		Directory.Build.targets = Directory.Build.targets
		Directory.Packages.props = Directory.Packages.props
		global.json = global.json
	EndProjectSection
EndProject
Project("{FAE04EC0-301F-11D3-BF4B-00C04F79EFBC}") = "Lumen.Core", "Lumen.Core\Lumen.Core.csproj", "{12AF9462-8308-40C3-9E06-4D55DA2654FB}"
EndProject
Project("{FAE04EC0-301F-11D3-BF4B-00C04F79EFBC}") = "Lumen.Tests", "Lumen.Tests\Lumen.Tests.csproj", "{BB308D54-7FD0-4158-A9E9-D22C4B04837A}"
EndProject
Project("{FAE04EC0-301F-11D3-BF4B-00C04F79EFBC}") = "Lumen.Rive", "Lumen.Rive\Lumen.Rive.csproj", "{AD8CB357-2E95-48D2-9A05-A4F51B47BD3D}"
EndProject
Global
	GlobalSection(SolutionConfigurationPlatforms) = preSolution
		Debug|Any CPU = Debug|Any CPU
		Debug|ARM = Debug|ARM
		Debug|ARM64 = Debug|ARM64
		Debug|iPhone = Debug|iPhone
		Debug|iPhoneSimulator = Debug|iPhoneSimulator
		Debug|x64 = Debug|x64
		Debug|x86 = Debug|x86
		Release|Any CPU = Release|Any CPU
		Release|ARM = Release|ARM
		Release|ARM64 = Release|ARM64
		Release|iPhone = Release|iPhone
		Release|iPhoneSimulator = Release|iPhoneSimulator
		Release|x64 = Release|x64
		Release|x86 = Release|x86
	EndGlobalSection
	GlobalSection(ProjectConfigurationPlatforms) = postSolution
		{5E2C7C64-239F-446D-B1C4-EA33B0F11FA2}.Debug|Any CPU.ActiveCfg = Debug|Any CPU
		{5E2C7C64-239F-446D-B1C4-EA33B0F11FA2}.Debug|Any CPU.Build.0 = Debug|Any CPU
		{5E2C7C64-239F-446D-B1C4-EA33B0F11FA2}.Debug|Any CPU.Deploy.0 = Debug|Any CPU
		{5E2C7C64-239F-446D-B1C4-EA33B0F11FA2}.Debug|ARM.ActiveCfg = Debug|Any CPU
		{5E2C7C64-239F-446D-B1C4-EA33B0F11FA2}.Debug|ARM.Build.0 = Debug|Any CPU
		{5E2C7C64-239F-446D-B1C4-EA33B0F11FA2}.Debug|ARM.Deploy.0 = Debug|Any CPU
		{5E2C7C64-239F-446D-B1C4-EA33B0F11FA2}.Debug|ARM64.ActiveCfg = Debug|Any CPU
		{5E2C7C64-239F-446D-B1C4-EA33B0F11FA2}.Debug|ARM64.Build.0 = Debug|Any CPU
		{5E2C7C64-239F-446D-B1C4-EA33B0F11FA2}.Debug|ARM64.Deploy.0 = Debug|Any CPU
		{5E2C7C64-239F-446D-B1C4-EA33B0F11FA2}.Debug|iPhone.ActiveCfg = Debug|Any CPU
		{5E2C7C64-239F-446D-B1C4-EA33B0F11FA2}.Debug|iPhone.Build.0 = Debug|Any CPU
		{5E2C7C64-239F-446D-B1C4-EA33B0F11FA2}.Debug|iPhone.Deploy.0 = Debug|Any CPU
		{5E2C7C64-239F-446D-B1C4-EA33B0F11FA2}.Debug|iPhoneSimulator.ActiveCfg = Debug|Any CPU
		{5E2C7C64-239F-446D-B1C4-EA33B0F11FA2}.Debug|iPhoneSimulator.Build.0 = Debug|Any CPU
		{5E2C7C64-239F-446D-B1C4-EA33B0F11FA2}.Debug|iPhoneSimulator.Deploy.0 = Debug|Any CPU
		{5E2C7C64-239F-446D-B1C4-EA33B0F11FA2}.Debug|x64.ActiveCfg = Debug|Any CPU
		{5E2C7C64-239F-446D-B1C4-EA33B0F11FA2}.Debug|x64.Build.0 = Debug|Any CPU
		{5E2C7C64-239F-446D-B1C4-EA33B0F11FA2}.Debug|x64.Deploy.0 = Debug|Any CPU
		{5E2C7C64-239F-446D-B1C4-EA33B0F11FA2}.Debug|x86.ActiveCfg = Debug|Any CPU
		{5E2C7C64-239F-446D-B1C4-EA33B0F11FA2}.Debug|x86.Build.0 = Debug|Any CPU
		{5E2C7C64-239F-446D-B1C4-EA33B0F11FA2}.Debug|x86.Deploy.0 = Debug|Any CPU
		{5E2C7C64-239F-446D-B1C4-EA33B0F11FA2}.Release|Any CPU.ActiveCfg = Release|Any CPU
		{5E2C7C64-239F-446D-B1C4-EA33B0F11FA2}.Release|Any CPU.Build.0 = Release|Any CPU
		{5E2C7C64-239F-446D-B1C4-EA33B0F11FA2}.Release|Any CPU.Deploy.0 = Release|Any CPU
		{5E2C7C64-239F-446D-B1C4-EA33B0F11FA2}.Release|ARM.ActiveCfg = Release|Any CPU
		{5E2C7C64-239F-446D-B1C4-EA33B0F11FA2}.Release|ARM.Build.0 = Release|Any CPU
		{5E2C7C64-239F-446D-B1C4-EA33B0F11FA2}.Release|ARM.Deploy.0 = Release|Any CPU
		{5E2C7C64-239F-446D-B1C4-EA33B0F11FA2}.Release|ARM64.ActiveCfg = Release|Any CPU
		{5E2C7C64-239F-446D-B1C4-EA33B0F11FA2}.Release|ARM64.Build.0 = Release|Any CPU
		{5E2C7C64-239F-446D-B1C4-EA33B0F11FA2}.Release|ARM64.Deploy.0 = Release|Any CPU
		{5E2C7C64-239F-446D-B1C4-EA33B0F11FA2}.Release|iPhone.ActiveCfg = Release|Any CPU
		{5E2C7C64-239F-446D-B1C4-EA33B0F11FA2}.Release|iPhone.Build.0 = Release|Any CPU
		{5E2C7C64-239F-446D-B1C4-EA33B0F11FA2}.Release|iPhone.Deploy.0 = Release|Any CPU
		{5E2C7C64-239F-446D-B1C4-EA33B0F11FA2}.Release|iPhoneSimulator.ActiveCfg = Release|Any CPU
		{5E2C7C64-239F-446D-B1C4-EA33B0F11FA2}.Release|iPhoneSimulator.Build.0 = Release|Any CPU
		{5E2C7C64-239F-446D-B1C4-EA33B0F11FA2}.Release|iPhoneSimulator.Deploy.0 = Release|Any CPU
		{5E2C7C64-239F-446D-B1C4-EA33B0F11FA2}.Release|x64.ActiveCfg = Release|Any CPU
		{5E2C7C64-239F-446D-B1C4-EA33B0F11FA2}.Release|x64.Build.0 = Release|Any CPU
		{5E2C7C64-239F-446D-B1C4-EA33B0F11FA2}.Release|x64.Deploy.0 = Release|Any CPU
		{5E2C7C64-239F-446D-B1C4-EA33B0F11FA2}.Release|x86.ActiveCfg = Release|Any CPU
		{5E2C7C64-239F-446D-B1C4-EA33B0F11FA2}.Release|x86.Build.0 = Release|Any CPU
		{5E2C7C64-239F-446D-B1C4-EA33B0F11FA2}.Release|x86.Deploy.0 = Release|Any CPU
		{12AF9462-8308-40C3-9E06-4D55DA2654FB}.Debug|Any CPU.ActiveCfg = Debug|Any CPU
		{12AF9462-8308-40C3-9E06-4D55DA2654FB}.Debug|Any CPU.Build.0 = Debug|Any CPU
		{12AF9462-8308-40C3-9E06-4D55DA2654FB}.Debug|ARM.ActiveCfg = Debug|Any CPU
		{12AF9462-8308-40C3-9E06-4D55DA2654FB}.Debug|ARM.Build.0 = Debug|Any CPU
		{12AF9462-8308-40C3-9E06-4D55DA2654FB}.Debug|ARM64.ActiveCfg = Debug|Any CPU
		{12AF9462-8308-40C3-9E06-4D55DA2654FB}.Debug|ARM64.Build.0 = Debug|Any CPU
		{12AF9462-8308-40C3-9E06-4D55DA2654FB}.Debug|iPhone.ActiveCfg = Debug|Any CPU
		{12AF9462-8308-40C3-9E06-4D55DA2654FB}.Debug|iPhone.Build.0 = Debug|Any CPU
		{12AF9462-8308-40C3-9E06-4D55DA2654FB}.Debug|iPhoneSimulator.ActiveCfg = Debug|Any CPU
		{12AF9462-8308-40C3-9E06-4D55DA2654FB}.Debug|iPhoneSimulator.Build.0 = Debug|Any CPU
		{12AF9462-8308-40C3-9E06-4D55DA2654FB}.Debug|x64.ActiveCfg = Debug|Any CPU
		{12AF9462-8308-40C3-9E06-4D55DA2654FB}.Debug|x64.Build.0 = Debug|Any CPU
		{12AF9462-8308-40C3-9E06-4D55DA2654FB}.Debug|x86.ActiveCfg = Debug|Any CPU
		{12AF9462-8308-40C3-9E06-4D55DA2654FB}.Debug|x86.Build.0 = Debug|Any CPU
		{12AF9462-8308-40C3-9E06-4D55DA2654FB}.Release|Any CPU.ActiveCfg = Release|Any CPU
		{12AF9462-8308-40C3-9E06-4D55DA2654FB}.Release|Any CPU.Build.0 = Release|Any CPU
		{12AF9462-8308-40C3-9E06-4D55DA2654FB}.Release|ARM.ActiveCfg = Release|Any CPU
		{12AF9462-8308-40C3-9E06-4D55DA2654FB}.Release|ARM.Build.0 = Release|Any CPU
		{12AF9462-8308-40C3-9E06-4D55DA2654FB}.Release|ARM64.ActiveCfg = Release|Any CPU
		{12AF9462-8308-40C3-9E06-4D55DA2654FB}.Release|ARM64.Build.0 = Release|Any CPU
		{12AF9462-8308-40C3-9E06-4D55DA2654FB}.Release|iPhone.ActiveCfg = Release|Any CPU
		{12AF9462-8308-40C3-9E06-4D55DA2654FB}.Release|iPhone.Build.0 = Release|Any CPU
		{12AF9462-8308-40C3-9E06-4D55DA2654FB}.Release|iPhoneSimulator.ActiveCfg = Release|Any CPU
		{12AF9462-8308-40C3-9E06-4D55DA2654FB}.Release|iPhoneSimulator.Build.0 = Release|Any CPU
		{12AF9462-8308-40C3-9E06-4D55DA2654FB}.Release|x64.ActiveCfg = Release|Any CPU
		{12AF9462-8308-40C3-9E06-4D55DA2654FB}.Release|x64.Build.0 = Release|Any CPU
		{12AF9462-8308-40C3-9E06-4D55DA2654FB}.Release|x86.ActiveCfg = Release|Any CPU
		{12AF9462-8308-40C3-9E06-4D55DA2654FB}.Release|x86.Build.0 = Release|Any CPU
		{BB308D54-7FD0-4158-A9E9-D22C4B04837A}.Debug|Any CPU.ActiveCfg = Debug|Any CPU
		{BB308D54-7FD0-4158-A9E9-D22C4B04837A}.Debug|Any CPU.Build.0 = Debug|Any CPU
		{BB308D54-7FD0-4158-A9E9-D22C4B04837A}.Debug|ARM.ActiveCfg = Debug|Any CPU
		{BB308D54-7FD0-4158-A9E9-D22C4B04837A}.Debug|ARM.Build.0 = Debug|Any CPU
		{BB308D54-7FD0-4158-A9E9-D22C4B04837A}.Debug|ARM64.ActiveCfg = Debug|Any CPU
		{BB308D54-7FD0-4158-A9E9-D22C4B04837A}.Debug|ARM64.Build.0 = Debug|Any CPU
		{BB308D54-7FD0-4158-A9E9-D22C4B04837A}.Debug|iPhone.ActiveCfg = Debug|Any CPU
		{BB308D54-7FD0-4158-A9E9-D22C4B04837A}.Debug|iPhone.Build.0 = Debug|Any CPU
		{BB308D54-7FD0-4158-A9E9-D22C4B04837A}.Debug|iPhoneSimulator.ActiveCfg = Debug|Any CPU
		{BB308D54-7FD0-4158-A9E9-D22C4B04837A}.Debug|iPhoneSimulator.Build.0 = Debug|Any CPU
		{BB308D54-7FD0-4158-A9E9-D22C4B04837A}.Debug|x64.ActiveCfg = Debug|Any CPU
		{BB308D54-7FD0-4158-A9E9-D22C4B04837A}.Debug|x64.Build.0 = Debug|Any CPU
		{BB308D54-7FD0-4158-A9E9-D22C4B04837A}.Debug|x86.ActiveCfg = Debug|Any CPU
		{BB308D54-7FD0-4158-A9E9-D22C4B04837A}.Debug|x86.Build.0 = Debug|Any CPU
		{BB308D54-7FD0-4158-A9E9-D22C4B04837A}.Release|Any CPU.ActiveCfg = Release|Any CPU
		{BB308D54-7FD0-4158-A9E9-D22C4B04837A}.Release|Any CPU.Build.0 = Release|Any CPU
		{BB308D54-7FD0-4158-A9E9-D22C4B04837A}.Release|ARM.ActiveCfg = Release|Any CPU
		{BB308D54-7FD0-4158-A9E9-D22C4B04837A}.Release|ARM.Build.0 = Release|Any CPU
		{BB308D54-7FD0-4158-A9E9-D22C4B04837A}.Release|ARM64.ActiveCfg = Release|Any CPU
		{BB308D54-7FD0-4158-A9E9-D22C4B04837A}.Release|ARM64.Build.0 = Release|Any CPU
		{BB308D54-7FD0-4158-A9E9-D22C4B04837A}.Release|iPhone.ActiveCfg = Release|Any CPU
		{BB308D54-7FD0-4158-A9E9-D22C4B04837A}.Release|iPhone.Build.0 = Release|Any CPU
		{BB308D54-7FD0-4158-A9E9-D22C4B04837A}.Release|iPhoneSimulator.ActiveCfg = Release|Any CPU
		{BB308D54-7FD0-4158-A9E9-D22C4B04837A}.Release|iPhoneSimulator.Build.0 = Release|Any CPU
		{BB308D54-7FD0-4158-A9E9-D22C4B04837A}.Release|x64.ActiveCfg = Release|Any CPU
		{BB308D54-7FD0-4158-A9E9-D22C4B04837A}.Release|x64.Build.0 = Release|Any CPU
		{BB308D54-7FD0-4158-A9E9-D22C4B04837A}.Release|x86.ActiveCfg = Release|Any CPU
		{BB308D54-7FD0-4158-A9E9-D22C4B04837A}.Release|x86.Build.0 = Release|Any CPU
		{AD8CB357-2E95-48D2-9A05-A4F51B47BD3D}.Debug|Any CPU.ActiveCfg = Debug|Any CPU
		{AD8CB357-2E95-48D2-9A05-A4F51B47BD3D}.Debug|Any CPU.Build.0 = Debug|Any CPU
		{AD8CB357-2E95-48D2-9A05-A4F51B47BD3D}.Debug|ARM.ActiveCfg = Debug|Any CPU
		{AD8CB357-2E95-48D2-9A05-A4F51B47BD3D}.Debug|ARM.Build.0 = Debug|Any CPU
		{AD8CB357-2E95-48D2-9A05-A4F51B47BD3D}.Debug|ARM64.ActiveCfg = Debug|Any CPU
		{AD8CB357-2E95-48D2-9A05-A4F51B47BD3D}.Debug|ARM64.Build.0 = Debug|Any CPU
		{AD8CB357-2E95-48D2-9A05-A4F51B47BD3D}.Debug|iPhone.ActiveCfg = Debug|Any CPU
		{AD8CB357-2E95-48D2-9A05-A4F51B47BD3D}.Debug|iPhone.Build.0 = Debug|Any CPU
		{AD8CB357-2E95-48D2-9A05-A4F51B47BD3D}.Debug|iPhoneSimulator.ActiveCfg = Debug|Any CPU
		{AD8CB357-2E95-48D2-9A05-A4F51B47BD3D}.Debug|iPhoneSimulator.Build.0 = Debug|Any CPU
		{AD8CB357-2E95-48D2-9A05-A4F51B47BD3D}.Debug|x64.ActiveCfg = Debug|Any CPU
		{AD8CB357-2E95-48D2-9A05-A4F51B47BD3D}.Debug|x64.Build.0 = Debug|Any CPU
		{AD8CB357-2E95-48D2-9A05-A4F51B47BD3D}.Debug|x86.ActiveCfg = Debug|Any CPU
		{AD8CB357-2E95-48D2-9A05-A4F51B47BD3D}.Debug|x86.Build.0 = Debug|Any CPU
		{AD8CB357-2E95-48D2-9A05-A4F51B47BD3D}.Release|Any CPU.ActiveCfg = Release|Any CPU
		{AD8CB357-2E95-48D2-9A05-A4F51B47BD3D}.Release|Any CPU.Build.0 = Release|Any CPU
		{AD8CB357-2E95-48D2-9A05-A4F51B47BD3D}.Release|ARM.ActiveCfg = Release|Any CPU
		{AD8CB357-2E95-48D2-9A05-A4F51B47BD3D}.Release|ARM.Build.0 = Release|Any CPU
		{AD8CB357-2E95-48D2-9A05-A4F51B47BD3D}.Release|ARM64.ActiveCfg = Release|Any CPU
		{AD8CB357-2E95-48D2-9A05-A4F51B47BD3D}.Release|ARM64.Build.0 = Release|Any CPU
		{AD8CB357-2E95-48D2-9A05-A4F51B47BD3D}.Release|iPhone.ActiveCfg = Release|Any CPU
		{AD8CB357-2E95-48D2-9A05-A4F51B47BD3D}.Release|iPhone.Build.0 = Release|Any CPU
		{AD8CB357-2E95-48D2-9A05-A4F51B47BD3D}.Release|iPhoneSimulator.ActiveCfg = Release|Any CPU
		{AD8CB357-2E95-48D2-9A05-A4F51B47BD3D}.Release|iPhoneSimulator.Build.0 = Release|Any CPU
		{AD8CB357-2E95-48D2-9A05-A4F51B47BD3D}.Release|x64.ActiveCfg = Release|Any CPU
		{AD8CB357-2E95-48D2-9A05-A4F51B47BD3D}.Release|x64.Build.0 = Release|Any CPU
		{AD8CB357-2E95-48D2-9A05-A4F51B47BD3D}.Release|x86.ActiveCfg = Release|Any CPU
		{AD8CB357-2E95-48D2-9A05-A4F51B47BD3D}.Release|x86.Build.0 = Release|Any CPU
	EndGlobalSection
	GlobalSection(SolutionProperties) = preSolution
		HideSolutionNode = FALSE
	EndGlobalSection
	GlobalSection(ExtensibilityGlobals) = postSolution
		SolutionGuid = {7940D116-D2B4-4E0C-87E6-E65DFF833543}
	EndGlobalSection
EndGlobal
